// !$*UTF8*$!
{
	archiveVersion = 1;
	classes = {
	};
	objectVersion = 46;
	objects = {

/* Begin PBXBuildFile section */
		D0492D681E44D1C300E3F45E /* main.m in Sources */ = {isa = PBXBuildFile; fileRef = D0492D671E44D1C300E3F45E /* main.m */; };
		D0492D6B1E44D1C300E3F45E /* AppDelegate.m in Sources */ = {isa = PBXBuildFile; fileRef = D0492D6A1E44D1C300E3F45E /* AppDelegate.m */; };
		D0492D6E1E44D1C300E3F45E /* ViewController.m in Sources */ = {isa = PBXBuildFile; fileRef = D0492D6D1E44D1C300E3F45E /* ViewController.m */; };
		D0492D711E44D1C300E3F45E /* Main.storyboard in Resources */ = {isa = PBXBuildFile; fileRef = D0492D6F1E44D1C300E3F45E /* Main.storyboard */; };
		D0492D731E44D1C300E3F45E /* Assets.xcassets in Resources */ = {isa = PBXBuildFile; fileRef = D0492D721E44D1C300E3F45E /* Assets.xcassets */; };
		D0492D761E44D1C300E3F45E /* LaunchScreen.storyboard in Resources */ = {isa = PBXBuildFile; fileRef = D0492D741E44D1C300E3F45E /* LaunchScreen.storyboard */; };
		D0492D7F1E44D2AE00E3F45E /* FirstViewController.m in Sources */ = {isa = PBXBuildFile; fileRef = D0492D7E1E44D2AE00E3F45E /* FirstViewController.m */; };
		D0492D821E44D2B800E3F45E /* SecondViewController.m in Sources */ = {isa = PBXBuildFile; fileRef = D0492D811E44D2B800E3F45E /* SecondViewController.m */; };
/* End PBXBuildFile section */

/* Begin PBXFileReference section */
		D0492D631E44D1C300E3F45E /* AddChildVC.app */ = {isa = PBXFileReference; explicitFileType = wrapper.application; includeInIndex = 0; path = AddChildVC.app; sourceTree = BUILT_PRODUCTS_DIR; };
		D0492D671E44D1C300E3F45E /* main.m */ = {isa = PBXFileReference; lastKnownFileType = sourcecode.c.objc; path = main.m; sourceTree = "<group>"; };
		D0492D691E44D1C300E3F45E /* AppDelegate.h */ = {isa = PBXFileReference; lastKnownFileType = sourcecode.c.h; path = AppDelegate.h; sourceTree = "<group>"; };
		D0492D6A1E44D1C300E3F45E /* AppDelegate.m */ = {isa = PBXFileReference; lastKnownFileType = sourcecode.c.objc; path = AppDelegate.m; sourceTree = "<group>"; };
		D0492D6C1E44D1C300E3F45E /* ViewController.h */ = {isa = PBXFileReference; lastKnownFileType = sourcecode.c.h; path = ViewController.h; sourceTree = "<group>"; };
		D0492D6D1E44D1C300E3F45E /* ViewController.m */ = {isa = PBXFileReference; lastKnownFileType = sourcecode.c.objc; path = ViewController.m; sourceTree = "<group>"; };
		D0492D701E44D1C300E3F45E /* Base */ = {isa = PBXFileReference; lastKnownFileType = file.storyboard; name = Base; path = Base.lproj/Main.storyboard; sourceTree = "<group>"; };
		D0492D721E44D1C300E3F45E /* Assets.xcassets */ = {isa = PBXFileReference; lastKnownFileType = folder.assetcatalog; path = Assets.xcassets; sourceTree = "<group>"; };
		D0492D751E44D1C300E3F45E /* Base */ = {isa = PBXFileReference; lastKnownFileType = file.storyboard; name = Base; path = Base.lproj/LaunchScreen.storyboard; sourceTree = "<group>"; };
		D0492D771E44D1C300E3F45E /* Info.plist */ = {isa = PBXFileReference; lastKnownFileType = text.plist.xml; path = Info.plist; sourceTree = "<group>"; };
		D0492D7D1E44D2AE00E3F45E /* FirstViewController.h */ = {isa = PBXFileReference; fileEncoding = 4; lastKnownFileType = sourcecode.c.h; path = FirstViewController.h; sourceTree = "<group>"; };
		D0492D7E1E44D2AE00E3F45E /* FirstViewController.m */ = {isa = PBXFileReference; fileEncoding = 4; lastKnownFileType = sourcecode.c.objc; path = FirstViewController.m; sourceTree = "<group>"; };
		D0492D801E44D2B800E3F45E /* SecondViewController.h */ = {isa = PBXFileReference; fileEncoding = 4; lastKnownFileType = sourcecode.c.h; path = SecondViewController.h; sourceTree = "<group>"; };
		D0492D811E44D2B800E3F45E /* SecondViewController.m */ = {isa = PBXFileReference; fileEncoding = 4; lastKnownFileType = sourcecode.c.objc; path = SecondViewController.m; sourceTree = "<group>"; };
/* End PBXFileReference section */

/* Begin PBXFrameworksBuildPhase section */
		D0492D601E44D1C300E3F45E /* Frameworks */ = {
			isa = PBXFrameworksBuildPhase;
			buildActionMask = 2147483647;
			files = (
			);
			runOnlyForDeploymentPostprocessing = 0;
		};
/* End PBXFrameworksBuildPhase section */

/* Begin PBXGroup section */
		D0492D5A1E44D1C300E3F45E = {
			isa = PBXGroup;
			children = (
				D0492D651E44D1C300E3F45E /* AddChildVC */,
				D0492D641E44D1C300E3F45E /* Products */,
			);
			sourceTree = "<group>";
		};
		D0492D641E44D1C300E3F45E /* Products */ = {
			isa = PBXGroup;
			children = (
				D0492D631E44D1C300E3F45E /* AddChildVC.app */,
			);
			name = Products;
			sourceTree = "<group>";
		};
		D0492D651E44D1C300E3F45E /* AddChildVC */ = {
			isa = PBXGroup;
			children = (
				D0492D691E44D1C300E3F45E /* AppDelegate.h */,
				D0492D6A1E44D1C300E3F45E /* AppDelegate.m */,
				D0492D6C1E44D1C300E3F45E /* ViewController.h */,
				D0492D6D1E44D1C300E3F45E /* ViewController.m */,
				D0492D7D1E44D2AE00E3F45E /* FirstViewController.h */,
				D0492D7E1E44D2AE00E3F45E /* FirstViewController.m */,
				D0492D801E44D2B800E3F45E /* SecondViewController.h */,
				D0492D811E44D2B800E3F45E /* SecondViewController.m */,
				D0492D6F1E44D1C300E3F45E /* Main.storyboard */,
				D0492D721E44D1C300E3F45E /* Assets.xcassets */,
				D0492D741E44D1C300E3F45E /* LaunchScreen.storyboard */,
				D0492D771E44D1C300E3F45E /* Info.plist */,
				D0492D661E44D1C300E3F45E /* Supporting Files */,
			);
			path = AddChildVC;
			sourceTree = "<group>";
		};
		D0492D661E44D1C300E3F45E /* Supporting Files */ = {
			isa = PBXGroup;
			children = (
				D0492D671E44D1C300E3F45E /* main.m */,
			);
			name = "Supporting Files";
			sourceTree = "<group>";
		};
/* End PBXGroup section */

/* Begin PBXNativeTarget section */
		D0492D621E44D1C300E3F45E /* AddChildVC */ = {
			isa = PBXNativeTarget;
			buildConfigurationList = D0492D7A1E44D1C300E3F45E /* Build configuration list for PBXNativeTarget "AddChildVC" */;
			buildPhases = (
				D0492D5F1E44D1C300E3F45E /* Sources */,
				D0492D601E44D1C300E3F45E /* Frameworks */,
				D0492D611E44D1C300E3F45E /* Resources */,
			);
			buildRules = (
			);
			dependencies = (
			);
			name = AddChildVC;
			productName = AddChildVC;
			productReference = D0492D631E44D1C300E3F45E /* AddChildVC.app */;
			productType = "com.apple.product-type.application";
		};
/* End PBXNativeTarget section */

/* Begin PBXProject section */
		D0492D5B1E44D1C300E3F45E /* Project object */ = {
			isa = PBXProject;
			attributes = {
				LastUpgradeCheck = 0820;
				ORGANIZATIONNAME = AIA;
				TargetAttributes = {
					D0492D621E44D1C300E3F45E = {
						CreatedOnToolsVersion = 8.2;
						DevelopmentTeam = CE5ZV2B4A3;
						ProvisioningStyle = Automatic;
					};
				};
			};
			buildConfigurationList = D0492D5E1E44D1C300E3F45E /* Build configuration list for PBXProject "AddChildVC" */;
			compatibilityVersion = "Xcode 3.2";
			developmentRegion = English;
			hasScannedForEncodings = 0;
			knownRegions = (
				en,
				Base,
			);
			mainGroup = D0492D5A1E44D1C300E3F45E;
			productRefGroup = D0492D641E44D1C300E3F45E /* Products */;
			projectDirPath = "";
			projectRoot = "";
			targets = (
				D0492D621E44D1C300E3F45E /* AddChildVC */,
			);
		};
/* End PBXProject section */

/* Begin PBXResourcesBuildPhase section */
		D0492D611E44D1C300E3F45E /* Resources */ = {
			isa = PBXResourcesBuildPhase;
			buildActionMask = 2147483647;
			files = (
				D0492D761E44D1C300E3F45E /* LaunchScreen.storyboard in Resources */,
				D0492D731E44D1C300E3F45E /* Assets.xcassets in Resources */,
				D0492D711E44D1C300E3F45E /* Main.storyboard in Resources */,
			);
			runOnlyForDeploymentPostprocessing = 0;
		};
/* End PBXResourcesBuildPhase section */

/* Begin PBXSourcesBuildPhase section */
		D0492D5F1E44D1C300E3F45E /* Sources */ = {
			isa = PBXSourcesBuildPhase;
			buildActionMask = 2147483647;
			files = (
				D0492D821E44D2B800E3F45E /* SecondViewController.m in Sources */,
				D0492D6E1E44D1C300E3F45E /* ViewController.m in Sources */,
				D0492D6B1E44D1C300E3F45E /* AppDelegate.m in Sources */,
				D0492D681E44D1C300E3F45E /* main.m in Sources */,
				D0492D7F1E44D2AE00E3F45E /* FirstViewController.m in Sources */,
			);
			runOnlyForDeploymentPostprocessing = 0;
		};
/* End PBXSourcesBuildPhase section */

/* Begin PBXVariantGroup section */
		D0492D6F1E44D1C300E3F45E /* Main.storyboard */ = {
			isa = PBXVariantGroup;
			children = (
				D0492D701E44D1C300E3F45E /* Base */,
			);
			name = Main.storyboard;
			sourceTree = "<group>";
		};
		D0492D741E44D1C300E3F45E /* LaunchScreen.storyboard */ = {
			isa = PBXVariantGroup;
			children = (
				D0492D751E44D1C300E3F45E /* Base */,
			);
			name = LaunchScreen.storyboard;
			sourceTree = "<group>";
		};
/* End PBXVariantGroup section */

/* Begin XCBuildConfiguration section */
		D0492D781E44D1C300E3F45E /* Debug */ = {
			isa = XCBuildConfiguration;
			buildSettings = {
				ALWAYS_SEARCH_USER_PATHS = NO;
				CLANG_ANALYZER_NONNULL = YES;
				CLANG_CXX_LANGUAGE_STANDARD = "gnu++0x";
				CLANG_CXX_LIBRARY = "libc++";
				CLANG_ENABLE_MODULES = YES;
				CLANG_ENABLE_OBJC_ARC = YES;
				CLANG_WARN_BOOL_CONVERSION = YES;
				CLANG_WARN_CONSTANT_CONVERSION = YES;
				CLANG_WARN_DIRECT_OBJC_ISA_USAGE = YES_ERROR;
				CLANG_WARN_DOCUMENTATION_COMMENTS = YES;
				CLANG_WARN_EMPTY_BODY = YES;
				CLANG_WARN_ENUM_CONVERSION = YES;
				CLANG_WARN_INFINITE_RECURSION = YES;
				CLANG_WARN_INT_CONVERSION = YES;
				CLANG_WARN_OBJC_ROOT_CLASS = YES_ERROR;
				CLANG_WARN_SUSPICIOUS_MOVE = YES;
				CLANG_WARN_UNREACHABLE_CODE = YES;
				CLANG_WARN__DUPLICATE_METHOD_MATCH = YES;
				"CODE_SIGN_IDENTITY[sdk=iphoneos*]" = "iPhone Developer";
				COPY_PHASE_STRIP = NO;
				DEBUG_INFORMATION_FORMAT = dwarf;
				ENABLE_STRICT_OBJC_MSGSEND = YES;
				ENABLE_TESTABILITY = YES;
				GCC_C_LANGUAGE_STANDARD = gnu99;
				GCC_DYNAMIC_NO_PIC = NO;
				GCC_NO_COMMON_BLOCKS = YES;
				GCC_OPTIMIZATION_LEVEL = 0;
				GCC_PREPROCESSOR_DEFINITIONS = (
					"DEBUG=1",
					"$(inherited)",
				);
				GCC_WARN_64_TO_32_BIT_CONVERSION = YES;
				GCC_WARN_ABOUT_RETURN_TYPE = YES_ERROR;
				GCC_WARN_UNDECLARED_SELECTOR = YES;
				GCC_WARN_UNINITIALIZED_AUTOS = YES_AGGRESSIVE;
				GCC_WARN_UNUSED_FUNCTION = YES;
				GCC_WARN_UNUSED_VARIABLE = YES;
				IPHONEOS_DEPLOYMENT_TARGET = 10.2;
				MTL_ENABLE_DEBUG_INFO = YES;
				ONLY_ACTIVE_ARCH = YES;
				SDKROOT = iphoneos;
				TARGETED_DEVICE_FAMILY = "1,2";
			};
			name = Debug;
		};
		D0492D791E44D1C300E3F45E /* Release */ = {
			isa = XCBuildConfiguration;
			buildSettings = {
				ALWAYS_SEARCH_USER_PATHS = NO;
				CLANG_ANALYZER_NONNULL = YES;
				CLANG_CXX_LANGUAGE_STANDARD = "gnu++0x";
				CLANG_CXX_LIBRARY = "libc++";
				CLANG_ENABLE_MODULES = YES;
				CLANG_ENABLE_OBJC_ARC = YES;
				CLANG_WARN_BOOL_CONVERSION = YES;
				CLANG_WARN_CONSTANT_CONVERSION = YES;
				CLANG_WARN_DIRECT_OBJC_ISA_USAGE = YES_ERROR;
				CLANG_WARN_DOCUMENTATION_COMMENTS = YES;
				CLANG_WARN_EMPTY_BODY = YES;
				CLANG_WARN_ENUM_CONVERSION = YES;
				CLANG_WARN_INFINITE_RECURSION = YES;
				CLANG_WARN_INT_CONVERSION = YES;
				CLANG_WARN_OBJC_ROOT_CLASS = YES_ERROR;
				CLANG_WARN_SUSPICIOUS_MOVE = YES;
				CLANG_WARN_UNREACHABLE_CODE = YES;
				CLANG_WARN__DUPLICATE_METHOD_MATCH = YES;
				"CODE_SIGN_IDENTITY[sdk=iphoneos*]" = "iPhone Developer";
				COPY_PHASE_STRIP = NO;
				DEBUG_INFORMATION_FORMAT = "dwarf-with-dsym";
				ENABLE_NS_ASSERTIONS = NO;
				ENABLE_STRICT_OBJC_MSGSEND = YES;
				GCC_C_LANGUAGE_STANDARD = gnu99;
				GCC_NO_COMMON_BLOCKS = YES;
				GCC_WARN_64_TO_32_BIT_CONVERSION = YES;
				GCC_WARN_ABOUT_RETURN_TYPE = YES_ERROR;
				GCC_WARN_UNDECLARED_SELECTOR = YES;
				GCC_WARN_UNINITIALIZED_AUTOS = YES_AGGRESSIVE;
				GCC_WARN_UNUSED_FUNCTION = YES;
				GCC_WARN_UNUSED_VARIABLE = YES;
				IPHONEOS_DEPLOYMENT_TARGET = 10.2;
				MTL_ENABLE_DEBUG_INFO = NO;
				SDKROOT = iphoneos;
				TARGETED_DEVICE_FAMILY = "1,2";
				VALIDATE_PRODUCT = YES;
			};
			name = Release;
		};
		D0492D7B1E44D1C300E3F45E /* Debug */ = {
			isa = XCBuildConfiguration;
			buildSettings = {
				ASSETCATALOG_COMPILER_APPICON_NAME = AppIcon;
				DEVELOPMENT_TEAM = CE5ZV2B4A3;
				INFOPLIST_FILE = AddChildVC/Info.plist;
				LD_RUNPATH_SEARCH_PATHS = "$(inherited) @executable_path/Frameworks";
				PRODUCT_BUNDLE_IDENTIFIER = AIA.iPoS.AddChildVC;
				PRODUCT_NAME = "$(TARGET_NAME)";
			};
			name = Debug;
		};
		D0492D7C1E44D1C300E3F45E /* Release */ = {
			isa = XCBuildConfiguration;
			buildSettings = {
				ASSETCATALOG_COMPILER_APPICON_NAME = AppIcon;
				DEVELOPMENT_TEAM = CE5ZV2B4A3;
				INFOPLIST_FILE = AddChildVC/Info.plist;
				LD_RUNPATH_SEARCH_PATHS = "$(inherited) @executable_path/Frameworks";
				PRODUCT_BUNDLE_IDENTIFIER = AIA.iPoS.AddChildVC;
				PRODUCT_NAME = "$(TARGET_NAME)";
			};
			name = Release;
		};
/* End XCBuildConfiguration section */

/* Begin XCConfigurationList section */
		D0492D5E1E44D1C300E3F45E /* Build configuration list for PBXProject "AddChildVC" */ = {
			isa = XCConfigurationList;
			buildConfigurations = (
				D0492D781E44D1C300E3F45E /* Debug */,
				D0492D791E44D1C300E3F45E /* Release */,
			);
			defaultConfigurationIsVisible = 0;
			defaultConfigurationName = Release;
		};
		D0492D7A1E44D1C300E3F45E /* Build configuration list for PBXNativeTarget "AddChildVC" */ = {
			isa = XCConfigurationList;
			buildConfigurations = (
				D0492D7B1E44D1C300E3F45E /* Debug */,
				D0492D7C1E44D1C300E3F45E /* Release */,
			);
			defaultConfigurationIsVisible = 0;
		};
/* End XCConfigurationList section */
	};
	rootObject = D0492D5B1E44D1C300E3F45E /* Project object */;
}
